
Microsoft Visual Studio Solution File, Format Version 12.00
# Visual Studio Version 17
VisualStudioVersion = 17.14.36623.8 d17.14
MinimumVisualStudioVersion = 10.0.40219.1
Project("{FAE04EC0-301F-11D3-BF4B-00C04F79EFBC}") = "RevitLOD3Exporter", "RevitLOD3Exporter.csproj", "{745B6ABF-3DEB-41B1-AAF4-446E107AD226}"
EndProject
Global
	GlobalSection(SolutionConfigurationPlatforms) = preSolution
		Debug|Any CPU = Debug|Any CPU
		Release|Any CPU = Release|Any CPU
	EndGlobalSection
	GlobalSection(ProjectConfigurationPlatforms) = postSolution
		{745B6ABF-3DEB-41B1-AAF4-446E107AD226}.Debug|Any CPU.ActiveCfg = Debug|Any CPU
		{745B6ABF-3DEB-41B1-AAF4-446E107AD226}.Debug|Any CPU.Build.0 = Debug|Any CPU
		{745B6ABF-3DEB-41B1-AAF4-446E107AD226}.Release|Any CPU.ActiveCfg = Release|Any CPU
		{745B6ABF-3DEB-41B1-AAF4-446E107AD226}.Release|Any CPU.Build.0 = Release|Any CPU
	EndGlobalSection
	GlobalSection(SolutionProperties) = preSolution
		HideSolutionNode = FALSE
	EndGlobalSection
	GlobalSection(ExtensibilityGlobals) = postSolution
		SolutionGuid = {EA583D87-6915-449A-B383-0C7CF484EB54}
	EndGlobalSection
EndGlobal
